// !$*UTF8*$!
{
	archiveVersion = 1;
	classes = {
	};
	objectVersion = 50;
	objects = {

/* Begin PBXBuildFile section */
		888C575B25FD598A00D9FEBD /* LoginViewController.swift in Sources */ = {isa = PBXBuildFile; fileRef = 888C575A25FD598A00D9FEBD /* LoginViewController.swift */; };
		DAB4EF9E25FC598100AB6E11 /* AppDelegate.swift in Sources */ = {isa = PBXBuildFile; fileRef = DAB4EF9D25FC598100AB6E11 /* AppDelegate.swift */; };
		DAB4EFA025FC598100AB6E11 /* SceneDelegate.swift in Sources */ = {isa = PBXBuildFile; fileRef = DAB4EF9F25FC598100AB6E11 /* SceneDelegate.swift */; };
		DAB4EFA225FC598100AB6E11 /* ViewController.swift in Sources */ = {isa = PBXBuildFile; fileRef = DAB4EFA125FC598100AB6E11 /* ViewController.swift */; };
		DAB4EFA525FC598100AB6E11 /* Main.storyboard in Resources */ = {isa = PBXBuildFile; fileRef = DAB4EFA325FC598100AB6E11 /* Main.storyboard */; };
		DAB4EFA725FC598400AB6E11 /* Assets.xcassets in Resources */ = {isa = PBXBuildFile; fileRef = DAB4EFA625FC598400AB6E11 /* Assets.xcassets */; };
		DAB4EFAA25FC598400AB6E11 /* LaunchScreen.storyboard in Resources */ = {isa = PBXBuildFile; fileRef = DAB4EFA825FC598400AB6E11 /* LaunchScreen.storyboard */; };
		DAB4EFB625FCF8D300AB6E11 /* UIAttributes.swift in Sources */ = {isa = PBXBuildFile; fileRef = DAB4EFB525FCF8D300AB6E11 /* UIAttributes.swift */; };
/* End PBXBuildFile section */

/* Begin PBXFileReference section */
		888C575A25FD598A00D9FEBD /* LoginViewController.swift */ = {isa = PBXFileReference; lastKnownFileType = sourcecode.swift; path = LoginViewController.swift; sourceTree = "<group>"; };
		DAB4EF9A25FC598100AB6E11 /* DigiCheckIn.app */ = {isa = PBXFileReference; explicitFileType = wrapper.application; includeInIndex = 0; path = DigiCheckIn.app; sourceTree = BUILT_PRODUCTS_DIR; };
		DAB4EF9D25FC598100AB6E11 /* AppDelegate.swift */ = {isa = PBXFileReference; lastKnownFileType = sourcecode.swift; path = AppDelegate.swift; sourceTree = "<group>"; };
		DAB4EF9F25FC598100AB6E11 /* SceneDelegate.swift */ = {isa = PBXFileReference; lastKnownFileType = sourcecode.swift; path = SceneDelegate.swift; sourceTree = "<group>"; };
		DAB4EFA125FC598100AB6E11 /* ViewController.swift */ = {isa = PBXFileReference; lastKnownFileType = sourcecode.swift; path = ViewController.swift; sourceTree = "<group>"; };
		DAB4EFA425FC598100AB6E11 /* Base */ = {isa = PBXFileReference; lastKnownFileType = file.storyboard; name = Base; path = Base.lproj/Main.storyboard; sourceTree = "<group>"; };
		DAB4EFA625FC598400AB6E11 /* Assets.xcassets */ = {isa = PBXFileReference; lastKnownFileType = folder.assetcatalog; path = Assets.xcassets; sourceTree = "<group>"; };
		DAB4EFA925FC598400AB6E11 /* Base */ = {isa = PBXFileReference; lastKnownFileType = file.storyboard; name = Base; path = Base.lproj/LaunchScreen.storyboard; sourceTree = "<group>"; };
		DAB4EFAB25FC598400AB6E11 /* Info.plist */ = {isa = PBXFileReference; lastKnownFileType = text.plist.xml; path = Info.plist; sourceTree = "<group>"; };
		DAB4EFB525FCF8D300AB6E11 /* UIAttributes.swift */ = {isa = PBXFileReference; lastKnownFileType = sourcecode.swift; path = UIAttributes.swift; sourceTree = "<group>"; };
/* End PBXFileReference section */

/* Begin PBXFrameworksBuildPhase section */
		DAB4EF9725FC598100AB6E11 /* Frameworks */ = {
			isa = PBXFrameworksBuildPhase;
			buildActionMask = 2147483647;
			files = (
			);
			runOnlyForDeploymentPostprocessing = 0;
		};
/* End PBXFrameworksBuildPhase section */

/* Begin PBXGroup section */
		DAB4EF9125FC598100AB6E11 = {
			isa = PBXGroup;
			children = (
				DAB4EF9C25FC598100AB6E11 /* DigiCheckIn */,
				DAB4EF9B25FC598100AB6E11 /* Products */,
			);
			sourceTree = "<group>";
		};
		DAB4EF9B25FC598100AB6E11 /* Products */ = {
			isa = PBXGroup;
			children = (
				DAB4EF9A25FC598100AB6E11 /* DigiCheckIn.app */,
			);
			name = Products;
			sourceTree = "<group>";
		};
		DAB4EF9C25FC598100AB6E11 /* DigiCheckIn */ = {
			isa = PBXGroup;
			children = (
				DAB4EFB425FCF8C800AB6E11 /* Resources */,
				DAB4EF9D25FC598100AB6E11 /* AppDelegate.swift */,
				DAB4EF9F25FC598100AB6E11 /* SceneDelegate.swift */,
				DAB4EFA125FC598100AB6E11 /* ViewController.swift */,
				DAB4EFA325FC598100AB6E11 /* Main.storyboard */,
				DAB4EFA625FC598400AB6E11 /* Assets.xcassets */,
				DAB4EFA825FC598400AB6E11 /* LaunchScreen.storyboard */,
				DAB4EFAB25FC598400AB6E11 /* Info.plist */,
				888C575A25FD598A00D9FEBD /* LoginViewController.swift */,
			);
			path = DigiCheckIn;
			sourceTree = "<group>";
		};
		DAB4EFB425FCF8C800AB6E11 /* Resources */ = {
			isa = PBXGroup;
			children = (
				DAB4EFB525FCF8D300AB6E11 /* UIAttributes.swift */,
			);
			path = Resources;
			sourceTree = "<group>";
		};
/* End PBXGroup section */

/* Begin PBXNativeTarget section */
		DAB4EF9925FC598100AB6E11 /* DigiCheckIn */ = {
			isa = PBXNativeTarget;
			buildConfigurationList = DAB4EFAE25FC598400AB6E11 /* Build configuration list for PBXNativeTarget "DigiCheckIn" */;
			buildPhases = (
				DAB4EF9625FC598100AB6E11 /* Sources */,
				DAB4EF9725FC598100AB6E11 /* Frameworks */,
				DAB4EF9825FC598100AB6E11 /* Resources */,
			);
			buildRules = (
			);
			dependencies = (
			);
			name = DigiCheckIn;
			productName = DigiCheckIn;
			productReference = DAB4EF9A25FC598100AB6E11 /* DigiCheckIn.app */;
			productType = "com.apple.product-type.application";
		};
/* End PBXNativeTarget section */

/* Begin PBXProject section */
		DAB4EF9225FC598100AB6E11 /* Project object */ = {
			isa = PBXProject;
			attributes = {
				LastSwiftUpdateCheck = 1230;
				LastUpgradeCheck = 1230;
				TargetAttributes = {
					DAB4EF9925FC598100AB6E11 = {
						CreatedOnToolsVersion = 12.3;
					};
				};
			};
			buildConfigurationList = DAB4EF9525FC598100AB6E11 /* Build configuration list for PBXProject "DigiCheckIn" */;
			compatibilityVersion = "Xcode 9.3";
			developmentRegion = en;
			hasScannedForEncodings = 0;
			knownRegions = (
				en,
				Base,
			);
			mainGroup = DAB4EF9125FC598100AB6E11;
			productRefGroup = DAB4EF9B25FC598100AB6E11 /* Products */;
			projectDirPath = "";
			projectRoot = "";
			targets = (
				DAB4EF9925FC598100AB6E11 /* DigiCheckIn */,
			);
		};
/* End PBXProject section */

/* Begin PBXResourcesBuildPhase section */
		DAB4EF9825FC598100AB6E11 /* Resources */ = {
			isa = PBXResourcesBuildPhase;
			buildActionMask = 2147483647;
			files = (
				DAB4EFAA25FC598400AB6E11 /* LaunchScreen.storyboard in Resources */,
				DAB4EFA725FC598400AB6E11 /* Assets.xcassets in Resources */,
				DAB4EFA525FC598100AB6E11 /* Main.storyboard in Resources */,
			);
			runOnlyForDeploymentPostprocessing = 0;
		};
/* End PBXResourcesBuildPhase section */

/* Begin PBXSourcesBuildPhase section */
		DAB4EF9625FC598100AB6E11 /* Sources */ = {
			isa = PBXSourcesBuildPhase;
			buildActionMask = 2147483647;
			files = (
				DAB4EFA225FC598100AB6E11 /* ViewController.swift in Sources */,
				DAB4EF9E25FC598100AB6E11 /* AppDelegate.swift in Sources */,
				DAB4EFB625FCF8D300AB6E11 /* UIAttributes.swift in Sources */,
				888C575B25FD598A00D9FEBD /* LoginViewController.swift in Sources */,
				DAB4EFA025FC598100AB6E11 /* SceneDelegate.swift in Sources */,
			);
			runOnlyForDeploymentPostprocessing = 0;
		};
/* End PBXSourcesBuildPhase section */

/* Begin PBXVariantGroup section */
		DAB4EFA325FC598100AB6E11 /* Main.storyboard */ = {
			isa = PBXVariantGroup;
			children = (
				DAB4EFA425FC598100AB6E11 /* Base */,
			);
			name = Main.storyboard;
			sourceTree = "<group>";
		};
		DAB4EFA825FC598400AB6E11 /* LaunchScreen.storyboard */ = {
			isa = PBXVariantGroup;
			children = (
				DAB4EFA925FC598400AB6E11 /* Base */,
			);
			name = LaunchScreen.storyboard;
			sourceTree = "<group>";
		};
/* End PBXVariantGroup section */

/* Begin XCBuildConfiguration section */
		DAB4EFAC25FC598400AB6E11 /* Debug */ = {
			isa = XCBuildConfiguration;
			buildSettings = {
				ALWAYS_SEARCH_USER_PATHS = NO;
				CLANG_ANALYZER_NONNULL = YES;
				CLANG_ANALYZER_NUMBER_OBJECT_CONVERSION = YES_AGGRESSIVE;
				CLANG_CXX_LANGUAGE_STANDARD = "gnu++14";
				CLANG_CXX_LIBRARY = "libc++";
				CLANG_ENABLE_MODULES = YES;
				CLANG_ENABLE_OBJC_ARC = YES;
				CLANG_ENABLE_OBJC_WEAK = YES;
				CLANG_WARN_BLOCK_CAPTURE_AUTORELEASING = YES;
				CLANG_WARN_BOOL_CONVERSION = YES;
				CLANG_WARN_COMMA = YES;
				CLANG_WARN_CONSTANT_CONVERSION = YES;
				CLANG_WARN_DEPRECATED_OBJC_IMPLEMENTATIONS = YES;
				CLANG_WARN_DIRECT_OBJC_ISA_USAGE = YES_ERROR;
				CLANG_WARN_DOCUMENTATION_COMMENTS = YES;
				CLANG_WARN_EMPTY_BODY = YES;
				CLANG_WARN_ENUM_CONVERSION = YES;
				CLANG_WARN_INFINITE_RECURSION = YES;
				CLANG_WARN_INT_CONVERSION = YES;
				CLANG_WARN_NON_LITERAL_NULL_CONVERSION = YES;
				CLANG_WARN_OBJC_IMPLICIT_RETAIN_SELF = YES;
				CLANG_WARN_OBJC_LITERAL_CONVERSION = YES;
				CLANG_WARN_OBJC_ROOT_CLASS = YES_ERROR;
				CLANG_WARN_QUOTED_INCLUDE_IN_FRAMEWORK_HEADER = YES;
				CLANG_WARN_RANGE_LOOP_ANALYSIS = YES;
				CLANG_WARN_STRICT_PROTOTYPES = YES;
				CLANG_WARN_SUSPICIOUS_MOVE = YES;
				CLANG_WARN_UNGUARDED_AVAILABILITY = YES_AGGRESSIVE;
				CLANG_WARN_UNREACHABLE_CODE = YES;
				CLANG_WARN__DUPLICATE_METHOD_MATCH = YES;
				COPY_PHASE_STRIP = NO;
				DEBUG_INFORMATION_FORMAT = dwarf;
				ENABLE_STRICT_OBJC_MSGSEND = YES;
				ENABLE_TESTABILITY = YES;
				GCC_C_LANGUAGE_STANDARD = gnu11;
				GCC_DYNAMIC_NO_PIC = NO;
				GCC_NO_COMMON_BLOCKS = YES;
				GCC_OPTIMIZATION_LEVEL = 0;
				GCC_PREPROCESSOR_DEFINITIONS = (
					"DEBUG=1",
					"$(inherited)",
				);
				GCC_WARN_64_TO_32_BIT_CONVERSION = YES;
				GCC_WARN_ABOUT_RETURN_TYPE = YES_ERROR;
				GCC_WARN_UNDECLARED_SELECTOR = YES;
				GCC_WARN_UNINITIALIZED_AUTOS = YES_AGGRESSIVE;
				GCC_WARN_UNUSED_FUNCTION = YES;
				GCC_WARN_UNUSED_VARIABLE = YES;
				IPHONEOS_DEPLOYMENT_TARGET = 14.0;
				MTL_ENABLE_DEBUG_INFO = INCLUDE_SOURCE;
				MTL_FAST_MATH = YES;
				ONLY_ACTIVE_ARCH = YES;
				SDKROOT = iphoneos;
				SWIFT_ACTIVE_COMPILATION_CONDITIONS = DEBUG;
				SWIFT_OPTIMIZATION_LEVEL = "-Onone";
			};
			name = Debug;
		};
		DAB4EFAD25FC598400AB6E11 /* Release */ = {
			isa = XCBuildConfiguration;
			buildSettings = {
				ALWAYS_SEARCH_USER_PATHS = NO;
				CLANG_ANALYZER_NONNULL = YES;
				CLANG_ANALYZER_NUMBER_OBJECT_CONVERSION = YES_AGGRESSIVE;
				CLANG_CXX_LANGUAGE_STANDARD = "gnu++14";
				CLANG_CXX_LIBRARY = "libc++";
				CLANG_ENABLE_MODULES = YES;
				CLANG_ENABLE_OBJC_ARC = YES;
				CLANG_ENABLE_OBJC_WEAK = YES;
				CLANG_WARN_BLOCK_CAPTURE_AUTORELEASING = YES;
				CLANG_WARN_BOOL_CONVERSION = YES;
				CLANG_WARN_COMMA = YES;
				CLANG_WARN_CONSTANT_CONVERSION = YES;
				CLANG_WARN_DEPRECATED_OBJC_IMPLEMENTATIONS = YES;
				CLANG_WARN_DIRECT_OBJC_ISA_USAGE = YES_ERROR;
				CLANG_WARN_DOCUMENTATION_COMMENTS = YES;
				CLANG_WARN_EMPTY_BODY = YES;
				CLANG_WARN_ENUM_CONVERSION = YES;
				CLANG_WARN_INFINITE_RECURSION = YES;
				CLANG_WARN_INT_CONVERSION = YES;
				CLANG_WARN_NON_LITERAL_NULL_CONVERSION = YES;
				CLANG_WARN_OBJC_IMPLICIT_RETAIN_SELF = YES;
				CLANG_WARN_OBJC_LITERAL_CONVERSION = YES;
				CLANG_WARN_OBJC_ROOT_CLASS = YES_ERROR;
				CLANG_WARN_QUOTED_INCLUDE_IN_FRAMEWORK_HEADER = YES;
				CLANG_WARN_RANGE_LOOP_ANALYSIS = YES;
				CLANG_WARN_STRICT_PROTOTYPES = YES;
				CLANG_WARN_SUSPICIOUS_MOVE = YES;
				CLANG_WARN_UNGUARDED_AVAILABILITY = YES_AGGRESSIVE;
				CLANG_WARN_UNREACHABLE_CODE = YES;
				CLANG_WARN__DUPLICATE_METHOD_MATCH = YES;
				COPY_PHASE_STRIP = NO;
				DEBUG_INFORMATION_FORMAT = "dwarf-with-dsym";
				ENABLE_NS_ASSERTIONS = NO;
				ENABLE_STRICT_OBJC_MSGSEND = YES;
				GCC_C_LANGUAGE_STANDARD = gnu11;
				GCC_NO_COMMON_BLOCKS = YES;
				GCC_WARN_64_TO_32_BIT_CONVERSION = YES;
				GCC_WARN_ABOUT_RETURN_TYPE = YES_ERROR;
				GCC_WARN_UNDECLARED_SELECTOR = YES;
				GCC_WARN_UNINITIALIZED_AUTOS = YES_AGGRESSIVE;
				GCC_WARN_UNUSED_FUNCTION = YES;
				GCC_WARN_UNUSED_VARIABLE = YES;
				IPHONEOS_DEPLOYMENT_TARGET = 14.0;
				MTL_ENABLE_DEBUG_INFO = NO;
				MTL_FAST_MATH = YES;
				SDKROOT = iphoneos;
				SWIFT_COMPILATION_MODE = wholemodule;
				SWIFT_OPTIMIZATION_LEVEL = "-O";
				VALIDATE_PRODUCT = YES;
			};
			name = Release;
		};
		DAB4EFAF25FC598400AB6E11 /* Debug */ = {
			isa = XCBuildConfiguration;
			buildSettings = {
				ASSETCATALOG_COMPILER_APPICON_NAME = AppIcon;
				ASSETCATALOG_COMPILER_GLOBAL_ACCENT_COLOR_NAME = AccentColor;
				CODE_SIGN_STYLE = Automatic;
				DEVELOPMENT_TEAM = Z8F84UKAWB;
				INFOPLIST_FILE = DigiCheckIn/Info.plist;
				LD_RUNPATH_SEARCH_PATHS = (
					"$(inherited)",
					"@executable_path/Frameworks",
				);
				PRODUCT_BUNDLE_IDENTIFIER = com.moktar.DigiCheckIn;
				PRODUCT_NAME = "$(TARGET_NAME)";
				SWIFT_VERSION = 5.0;
				TARGETED_DEVICE_FAMILY = "1,2";
			};
			name = Debug;
		};
		DAB4EFB025FC598400AB6E11 /* Release */ = {
			isa = XCBuildConfiguration;
			buildSettings = {
				ASSETCATALOG_COMPILER_APPICON_NAME = AppIcon;
				ASSETCATALOG_COMPILER_GLOBAL_ACCENT_COLOR_NAME = AccentColor;
				CODE_SIGN_STYLE = Automatic;
				DEVELOPMENT_TEAM = Z8F84UKAWB;
				INFOPLIST_FILE = DigiCheckIn/Info.plist;
				LD_RUNPATH_SEARCH_PATHS = (
					"$(inherited)",
					"@executable_path/Frameworks",
				);
				PRODUCT_BUNDLE_IDENTIFIER = com.moktar.DigiCheckIn;
				PRODUCT_NAME = "$(TARGET_NAME)";
				SWIFT_VERSION = 5.0;
				TARGETED_DEVICE_FAMILY = "1,2";
			};
			name = Release;
		};
/* End XCBuildConfiguration section */

/* Begin XCConfigurationList section */
		DAB4EF9525FC598100AB6E11 /* Build configuration list for PBXProject "DigiCheckIn" */ = {
			isa = XCConfigurationList;
			buildConfigurations = (
				DAB4EFAC25FC598400AB6E11 /* Debug */,
				DAB4EFAD25FC598400AB6E11 /* Release */,
			);
			defaultConfigurationIsVisible = 0;
			defaultConfigurationName = Release;
		};
		DAB4EFAE25FC598400AB6E11 /* Build configuration list for PBXNativeTarget "DigiCheckIn" */ = {
			isa = XCConfigurationList;
			buildConfigurations = (
				DAB4EFAF25FC598400AB6E11 /* Debug */,
				DAB4EFB025FC598400AB6E11 /* Release */,
			);
			defaultConfigurationIsVisible = 0;
			defaultConfigurationName = Release;
		};
/* End XCConfigurationList section */
	};
	rootObject = DAB4EF9225FC598100AB6E11 /* Project object */;
}
